
Microsoft Visual Studio Solution File, Format Version 12.00
# Visual Studio Version 16
VisualStudioVersion = 16.0.31515.178
MinimumVisualStudioVersion = 10.0.40219.1
Project("{FAE04EC0-301F-11D3-BF4B-00C04F79EFBC}") = "Calculator1.0", "Calculator1.0\Calculator1.0.csproj", "{D5C14E62-3FFB-4327-B0FF-99779220A1B1}"
EndProject
Global
	GlobalSection(SolutionConfigurationPlatforms) = preSolution
		Debug|Any CPU = Debug|Any CPU
		Release|Any CPU = Release|Any CPU
	EndGlobalSection
	GlobalSection(ProjectConfigurationPlatforms) = postSolution
		{D5C14E62-3FFB-4327-B0FF-99779220A1B1}.Debug|Any CPU.ActiveCfg = Debug|Any CPU
		{D5C14E62-3FFB-4327-B0FF-99779220A1B1}.Debug|Any CPU.Build.0 = Debug|Any CPU
		{D5C14E62-3FFB-4327-B0FF-99779220A1B1}.Release|Any CPU.ActiveCfg = Release|Any CPU
		{D5C14E62-3FFB-4327-B0FF-99779220A1B1}.Release|Any CPU.Build.0 = Release|Any CPU
	EndGlobalSection
	GlobalSection(SolutionProperties) = preSolution
		HideSolutionNode = FALSE
	EndGlobalSection
	GlobalSection(ExtensibilityGlobals) = postSolution
		SolutionGuid = {6E43C2E5-BC02-4FD6-AAA6-015D64E93E42}
	EndGlobalSection
EndGlobal
